
Microsoft Visual Studio Solution File, Format Version 12.00
# Visual Studio Version 17
VisualStudioVersion = 17.14.37111.16 d17.14
MinimumVisualStudioVersion = 10.0.40219.1
Project("{FAE04EC0-301F-11D3-BF4B-00C04F79EFBC}") = "Model", "Model\Model.csproj", "{CF56C23F-0874-48AF-B718-B8834E6B69B3}"
EndProject
Project("{FAE04EC0-301F-11D3-BF4B-00C04F79EFBC}") = "Presenter", "Presenter\Presenter.csproj", "{956095C8-D555-4FDC-8175-F18008922D23}"
EndProject
Project("{FAE04EC0-301F-11D3-BF4B-00C04F79EFBC}") = "Commons", "Commons\Commons.csproj", "{11D578F7-1E3D-4DF0-A388-3454D2E019FB}"
EndProject
Project("{FAE04EC0-301F-11D3-BF4B-00C04F79EFBC}") = "View", "View\View.csproj", "{6C14EFCD-9ECC-4876-BCD1-51A98FCE0C55}"
EndProject
Global
	GlobalSection(SolutionConfigurationPlatforms) = preSolution
		Debug|Any CPU = Debug|Any CPU
		Release|Any CPU = Release|Any CPU
	EndGlobalSection
	GlobalSection(ProjectConfigurationPlatforms) = postSolution
		{CF56C23F-0874-48AF-B718-B8834E6B69B3}.Debug|Any CPU.ActiveCfg = Debug|Any CPU
		{CF56C23F-0874-48AF-B718-B8834E6B69B3}.Debug|Any CPU.Build.0 = Debug|Any CPU
		{CF56C23F-0874-48AF-B718-B8834E6B69B3}.Release|Any CPU.ActiveCfg = Release|Any CPU
		{CF56C23F-0874-48AF-B718-B8834E6B69B3}.Release|Any CPU.Build.0 = Release|Any CPU
		{956095C8-D555-4FDC-8175-F18008922D23}.Debug|Any CPU.ActiveCfg = Debug|Any CPU
		{956095C8-D555-4FDC-8175-F18008922D23}.Debug|Any CPU.Build.0 = Debug|Any CPU
		{956095C8-D555-4FDC-8175-F18008922D23}.Release|Any CPU.ActiveCfg = Release|Any CPU
		{956095C8-D555-4FDC-8175-F18008922D23}.Release|Any CPU.Build.0 = Release|Any CPU
		{11D578F7-1E3D-4DF0-A388-3454D2E019FB}.Debug|Any CPU.ActiveCfg = Debug|Any CPU
		{11D578F7-1E3D-4DF0-A388-3454D2E019FB}.Debug|Any CPU.Build.0 = Debug|Any CPU
		{11D578F7-1E3D-4DF0-A388-3454D2E019FB}.Release|Any CPU.ActiveCfg = Release|Any CPU
		{11D578F7-1E3D-4DF0-A388-3454D2E019FB}.Release|Any CPU.Build.0 = Release|Any CPU
		{6C14EFCD-9ECC-4876-BCD1-51A98FCE0C55}.Debug|Any CPU.ActiveCfg = Debug|Any CPU
		{6C14EFCD-9ECC-4876-BCD1-51A98FCE0C55}.Debug|Any CPU.Build.0 = Debug|Any CPU
		{6C14EFCD-9ECC-4876-BCD1-51A98FCE0C55}.Release|Any CPU.ActiveCfg = Release|Any CPU
		{6C14EFCD-9ECC-4876-BCD1-51A98FCE0C55}.Release|Any CPU.Build.0 = Release|Any CPU
	EndGlobalSection
	GlobalSection(SolutionProperties) = preSolution
		HideSolutionNode = FALSE
	EndGlobalSection
	GlobalSection(ExtensibilityGlobals) = postSolution
		SolutionGuid = {DB3D6A01-96B0-41FA-9C6D-565E8305796C}
	EndGlobalSection
EndGlobal
